
Microsoft Visual Studio Solution File, Format Version 12.00
# Visual Studio Express 2012 for Windows Desktop
Project("{FAE04EC0-301F-11D3-BF4B-00C04F79EFBC}") = "Nov2Epub", "..\..\Nov2Epub - コピー\Nov2Epub\Nov2Epub.csproj", "{21938E5F-BE23-4AEF-996E-5F7522726571}"
EndProject
Global
	GlobalSection(SolutionConfigurationPlatforms) = preSolution
		Debug|Any CPU = Debug|Any CPU
		Release|Any CPU = Release|Any CPU
	EndGlobalSection
	GlobalSection(ProjectConfigurationPlatforms) = postSolution
		{21938E5F-BE23-4AEF-996E-5F7522726571}.Debug|Any CPU.ActiveCfg = Debug|Any CPU
		{21938E5F-BE23-4AEF-996E-5F7522726571}.Debug|Any CPU.Build.0 = Debug|Any CPU
		{21938E5F-BE23-4AEF-996E-5F7522726571}.Release|Any CPU.ActiveCfg = Release|Any CPU
		{21938E5F-BE23-4AEF-996E-5F7522726571}.Release|Any CPU.Build.0 = Release|Any CPU
	EndGlobalSection
	GlobalSection(SolutionProperties) = preSolution
		HideSolutionNode = FALSE
	EndGlobalSection
EndGlobal
